
Microsoft Visual Studio Solution File, Format Version 12.00
# Visual Studio 2013
VisualStudioVersion = 12.0.21005.1
MinimumVisualStudioVersion = 10.0.40219.1
Project("{8BC9CEB8-8B4A-11D0-8D11-00A0C91BC942}") = "11.7.2", "11.7.2\11.7.2.vcxproj", "{BEBC5B9D-D982-4BEF-AF1C-4F2C224A279C}"
EndProject
Global
	GlobalSection(SolutionConfigurationPlatforms) = preSolution
		Debug|Win32 = Debug|Win32
		Release|Win32 = Release|Win32
	EndGlobalSection
	GlobalSection(ProjectConfigurationPlatforms) = postSolution
		{BEBC5B9D-D982-4BEF-AF1C-4F2C224A279C}.Debug|Win32.ActiveCfg = Debug|Win32
		{BEBC5B9D-D982-4BEF-AF1C-4F2C224A279C}.Debug|Win32.Build.0 = Debug|Win32
		{BEBC5B9D-D982-4BEF-AF1C-4F2C224A279C}.Release|Win32.ActiveCfg = Release|Win32
		{BEBC5B9D-D982-4BEF-AF1C-4F2C224A279C}.Release|Win32.Build.0 = Release|Win32
	EndGlobalSection
	GlobalSection(SolutionProperties) = preSolution
		HideSolutionNode = FALSE
	EndGlobalSection
EndGlobal
