
Microsoft Visual Studio Solution File, Format Version 12.00
# Visual Studio 2013
VisualStudioVersion = 12.0.21005.1
MinimumVisualStudioVersion = 10.0.40219.1
Project("{8BC9CEB8-8B4A-11D0-8D11-00A0C91BC942}") = "10.21.2", "10.21.2\10.21.2.vcxproj", "{A9A1530D-485C-41E4-AD2C-78E4C64D938F}"
EndProject
Global
	GlobalSection(SolutionConfigurationPlatforms) = preSolution
		Debug|Win32 = Debug|Win32
		Release|Win32 = Release|Win32
	EndGlobalSection
	GlobalSection(ProjectConfigurationPlatforms) = postSolution
		{A9A1530D-485C-41E4-AD2C-78E4C64D938F}.Debug|Win32.ActiveCfg = Debug|Win32
		{A9A1530D-485C-41E4-AD2C-78E4C64D938F}.Debug|Win32.Build.0 = Debug|Win32
		{A9A1530D-485C-41E4-AD2C-78E4C64D938F}.Release|Win32.ActiveCfg = Release|Win32
		{A9A1530D-485C-41E4-AD2C-78E4C64D938F}.Release|Win32.Build.0 = Release|Win32
	EndGlobalSection
	GlobalSection(SolutionProperties) = preSolution
		HideSolutionNode = FALSE
	EndGlobalSection
EndGlobal
