
Microsoft Visual Studio Solution File, Format Version 12.00
# Visual Studio 2013
VisualStudioVersion = 12.0.21005.1
MinimumVisualStudioVersion = 10.0.40219.1
Project("{8BC9CEB8-8B4A-11D0-8D11-00A0C91BC942}") = "11.16.2", "11.16.2\11.16.2.vcxproj", "{22911422-DB5C-4647-853C-0D4F29E4C317}"
EndProject
Global
	GlobalSection(SolutionConfigurationPlatforms) = preSolution
		Debug|Win32 = Debug|Win32
		Release|Win32 = Release|Win32
	EndGlobalSection
	GlobalSection(ProjectConfigurationPlatforms) = postSolution
		{22911422-DB5C-4647-853C-0D4F29E4C317}.Debug|Win32.ActiveCfg = Debug|Win32
		{22911422-DB5C-4647-853C-0D4F29E4C317}.Debug|Win32.Build.0 = Debug|Win32
		{22911422-DB5C-4647-853C-0D4F29E4C317}.Release|Win32.ActiveCfg = Release|Win32
		{22911422-DB5C-4647-853C-0D4F29E4C317}.Release|Win32.Build.0 = Release|Win32
	EndGlobalSection
	GlobalSection(SolutionProperties) = preSolution
		HideSolutionNode = FALSE
	EndGlobalSection
EndGlobal
