
Microsoft Visual Studio Solution File, Format Version 12.00
# Visual Studio 2013
VisualStudioVersion = 12.0.21005.1
MinimumVisualStudioVersion = 10.0.40219.1
Project("{8BC9CEB8-8B4A-11D0-8D11-00A0C91BC942}") = "11.11.2", "11.11.2\11.11.2.vcxproj", "{DB6D6126-FFB2-469F-A000-0715F78BBADB}"
EndProject
Global
	GlobalSection(SolutionConfigurationPlatforms) = preSolution
		Debug|Win32 = Debug|Win32
		Release|Win32 = Release|Win32
	EndGlobalSection
	GlobalSection(ProjectConfigurationPlatforms) = postSolution
		{DB6D6126-FFB2-469F-A000-0715F78BBADB}.Debug|Win32.ActiveCfg = Debug|Win32
		{DB6D6126-FFB2-469F-A000-0715F78BBADB}.Debug|Win32.Build.0 = Debug|Win32
		{DB6D6126-FFB2-469F-A000-0715F78BBADB}.Release|Win32.ActiveCfg = Release|Win32
		{DB6D6126-FFB2-469F-A000-0715F78BBADB}.Release|Win32.Build.0 = Release|Win32
	EndGlobalSection
	GlobalSection(SolutionProperties) = preSolution
		HideSolutionNode = FALSE
	EndGlobalSection
EndGlobal
